
Microsoft Visual Studio Solution File, Format Version 12.00
# Visual Studio Version 17
VisualStudioVersion = 17.9.34622.214
MinimumVisualStudioVersion = 10.0.40219.1
Project("{9A19103F-16F7-4668-BE54-9A1E7A4F7556}") = "ConsoleApp3", "ConsoleApp3\ConsoleApp3.csproj", "{211E295C-ED1F-4328-BAF1-873D0614E0F7}"
EndProject
Global
	GlobalSection(SolutionConfigurationPlatforms) = preSolution
		Debug|Any CPU = Debug|Any CPU
		Release|Any CPU = Release|Any CPU
	EndGlobalSection
	GlobalSection(ProjectConfigurationPlatforms) = postSolution
		{211E295C-ED1F-4328-BAF1-873D0614E0F7}.Debug|Any CPU.ActiveCfg = Debug|Any CPU
		{211E295C-ED1F-4328-BAF1-873D0614E0F7}.Debug|Any CPU.Build.0 = Debug|Any CPU
		{211E295C-ED1F-4328-BAF1-873D0614E0F7}.Release|Any CPU.ActiveCfg = Release|Any CPU
		{211E295C-ED1F-4328-BAF1-873D0614E0F7}.Release|Any CPU.Build.0 = Release|Any CPU
	EndGlobalSection
	GlobalSection(SolutionProperties) = preSolution
		HideSolutionNode = FALSE
	EndGlobalSection
	GlobalSection(ExtensibilityGlobals) = postSolution
		SolutionGuid = {34E6FF5B-B3E2-4F2D-8606-26A5E153F556}
	EndGlobalSection
EndGlobal
